// !$*UTF8*$!
{
	archiveVersion = 1;
	classes = {
	};
	objectVersion = 50;
	objects = {

/* Begin PBXBuildFile section */
		53132C2E25C7831500E59A10 /* AppDelegate.swift in Sources */ = {isa = PBXBuildFile; fileRef = 53132C2D25C7831500E59A10 /* AppDelegate.swift */; };
		53132C3025C7831500E59A10 /* SceneDelegate.swift in Sources */ = {isa = PBXBuildFile; fileRef = 53132C2F25C7831500E59A10 /* SceneDelegate.swift */; };
		53132C3225C7831500E59A10 /* ViewController.swift in Sources */ = {isa = PBXBuildFile; fileRef = 53132C3125C7831500E59A10 /* ViewController.swift */; };
		53132C3525C7831500E59A10 /* Main.storyboard in Resources */ = {isa = PBXBuildFile; fileRef = 53132C3325C7831500E59A10 /* Main.storyboard */; };
		53132C3725C7831700E59A10 /* Assets.xcassets in Resources */ = {isa = PBXBuildFile; fileRef = 53132C3625C7831700E59A10 /* Assets.xcassets */; };
		53132C3A25C7831700E59A10 /* LaunchScreen.storyboard in Resources */ = {isa = PBXBuildFile; fileRef = 53132C3825C7831700E59A10 /* LaunchScreen.storyboard */; };
		53132C4525C7831700E59A10 /* Prework2Tests.swift in Sources */ = {isa = PBXBuildFile; fileRef = 53132C4425C7831700E59A10 /* Prework2Tests.swift */; };
		53132C5025C7831700E59A10 /* Prework2UITests.swift in Sources */ = {isa = PBXBuildFile; fileRef = 53132C4F25C7831700E59A10 /* Prework2UITests.swift */; };
/* End PBXBuildFile section */

/* Begin PBXContainerItemProxy section */
		53132C4125C7831700E59A10 /* PBXContainerItemProxy */ = {
			isa = PBXContainerItemProxy;
			containerPortal = 53132C2225C7831500E59A10 /* Project object */;
			proxyType = 1;
			remoteGlobalIDString = 53132C2925C7831500E59A10;
			remoteInfo = Prework2;
		};
		53132C4C25C7831700E59A10 /* PBXContainerItemProxy */ = {
			isa = PBXContainerItemProxy;
			containerPortal = 53132C2225C7831500E59A10 /* Project object */;
			proxyType = 1;
			remoteGlobalIDString = 53132C2925C7831500E59A10;
			remoteInfo = Prework2;
		};
/* End PBXContainerItemProxy section */

/* Begin PBXFileReference section */
		53132C2A25C7831500E59A10 /* Prework2.app */ = {isa = PBXFileReference; explicitFileType = wrapper.application; includeInIndex = 0; path = Prework2.app; sourceTree = BUILT_PRODUCTS_DIR; };
		53132C2D25C7831500E59A10 /* AppDelegate.swift */ = {isa = PBXFileReference; lastKnownFileType = sourcecode.swift; path = AppDelegate.swift; sourceTree = "<group>"; };
		53132C2F25C7831500E59A10 /* SceneDelegate.swift */ = {isa = PBXFileReference; lastKnownFileType = sourcecode.swift; path = SceneDelegate.swift; sourceTree = "<group>"; };
		53132C3125C7831500E59A10 /* ViewController.swift */ = {isa = PBXFileReference; lastKnownFileType = sourcecode.swift; path = ViewController.swift; sourceTree = "<group>"; };
		53132C3425C7831500E59A10 /* Base */ = {isa = PBXFileReference; lastKnownFileType = file.storyboard; name = Base; path = Base.lproj/Main.storyboard; sourceTree = "<group>"; };
		53132C3625C7831700E59A10 /* Assets.xcassets */ = {isa = PBXFileReference; lastKnownFileType = folder.assetcatalog; path = Assets.xcassets; sourceTree = "<group>"; };
		53132C3925C7831700E59A10 /* Base */ = {isa = PBXFileReference; lastKnownFileType = file.storyboard; name = Base; path = Base.lproj/LaunchScreen.storyboard; sourceTree = "<group>"; };
		53132C3B25C7831700E59A10 /* Info.plist */ = {isa = PBXFileReference; lastKnownFileType = text.plist.xml; path = Info.plist; sourceTree = "<group>"; };
		53132C4025C7831700E59A10 /* Prework2Tests.xctest */ = {isa = PBXFileReference; explicitFileType = wrapper.cfbundle; includeInIndex = 0; path = Prework2Tests.xctest; sourceTree = BUILT_PRODUCTS_DIR; };
		53132C4425C7831700E59A10 /* Prework2Tests.swift */ = {isa = PBXFileReference; lastKnownFileType = sourcecode.swift; path = Prework2Tests.swift; sourceTree = "<group>"; };
		53132C4625C7831700E59A10 /* Info.plist */ = {isa = PBXFileReference; lastKnownFileType = text.plist.xml; path = Info.plist; sourceTree = "<group>"; };
		53132C4B25C7831700E59A10 /* Prework2UITests.xctest */ = {isa = PBXFileReference; explicitFileType = wrapper.cfbundle; includeInIndex = 0; path = Prework2UITests.xctest; sourceTree = BUILT_PRODUCTS_DIR; };
		53132C4F25C7831700E59A10 /* Prework2UITests.swift */ = {isa = PBXFileReference; lastKnownFileType = sourcecode.swift; path = Prework2UITests.swift; sourceTree = "<group>"; };
		53132C5125C7831700E59A10 /* Info.plist */ = {isa = PBXFileReference; lastKnownFileType = text.plist.xml; path = Info.plist; sourceTree = "<group>"; };
/* End PBXFileReference section */

/* Begin PBXFrameworksBuildPhase section */
		53132C2725C7831500E59A10 /* Frameworks */ = {
			isa = PBXFrameworksBuildPhase;
			buildActionMask = 2147483647;
			files = (
			);
			runOnlyForDeploymentPostprocessing = 0;
		};
		53132C3D25C7831700E59A10 /* Frameworks */ = {
			isa = PBXFrameworksBuildPhase;
			buildActionMask = 2147483647;
			files = (
			);
			runOnlyForDeploymentPostprocessing = 0;
		};
		53132C4825C7831700E59A10 /* Frameworks */ = {
			isa = PBXFrameworksBuildPhase;
			buildActionMask = 2147483647;
			files = (
			);
			runOnlyForDeploymentPostprocessing = 0;
		};
/* End PBXFrameworksBuildPhase section */

/* Begin PBXGroup section */
		53132C2125C7831500E59A10 = {
			isa = PBXGroup;
			children = (
				53132C2C25C7831500E59A10 /* Prework2 */,
				53132C4325C7831700E59A10 /* Prework2Tests */,
				53132C4E25C7831700E59A10 /* Prework2UITests */,
				53132C2B25C7831500E59A10 /* Products */,
			);
			sourceTree = "<group>";
		};
		53132C2B25C7831500E59A10 /* Products */ = {
			isa = PBXGroup;
			children = (
				53132C2A25C7831500E59A10 /* Prework2.app */,
				53132C4025C7831700E59A10 /* Prework2Tests.xctest */,
				53132C4B25C7831700E59A10 /* Prework2UITests.xctest */,
			);
			name = Products;
			sourceTree = "<group>";
		};
		53132C2C25C7831500E59A10 /* Prework2 */ = {
			isa = PBXGroup;
			children = (
				53132C2D25C7831500E59A10 /* AppDelegate.swift */,
				53132C2F25C7831500E59A10 /* SceneDelegate.swift */,
				53132C3125C7831500E59A10 /* ViewController.swift */,
				53132C3325C7831500E59A10 /* Main.storyboard */,
				53132C3625C7831700E59A10 /* Assets.xcassets */,
				53132C3825C7831700E59A10 /* LaunchScreen.storyboard */,
				53132C3B25C7831700E59A10 /* Info.plist */,
			);
			path = Prework2;
			sourceTree = "<group>";
		};
		53132C4325C7831700E59A10 /* Prework2Tests */ = {
			isa = PBXGroup;
			children = (
				53132C4425C7831700E59A10 /* Prework2Tests.swift */,
				53132C4625C7831700E59A10 /* Info.plist */,
			);
			path = Prework2Tests;
			sourceTree = "<group>";
		};
		53132C4E25C7831700E59A10 /* Prework2UITests */ = {
			isa = PBXGroup;
			children = (
				53132C4F25C7831700E59A10 /* Prework2UITests.swift */,
				53132C5125C7831700E59A10 /* Info.plist */,
			);
			path = Prework2UITests;
			sourceTree = "<group>";
		};
/* End PBXGroup section */

/* Begin PBXNativeTarget section */
		53132C2925C7831500E59A10 /* Prework2 */ = {
			isa = PBXNativeTarget;
			buildConfigurationList = 53132C5425C7831700E59A10 /* Build configuration list for PBXNativeTarget "Prework2" */;
			buildPhases = (
				53132C2625C7831500E59A10 /* Sources */,
				53132C2725C7831500E59A10 /* Frameworks */,
				53132C2825C7831500E59A10 /* Resources */,
			);
			buildRules = (
			);
			dependencies = (
			);
			name = Prework2;
			productName = Prework2;
			productReference = 53132C2A25C7831500E59A10 /* Prework2.app */;
			productType = "com.apple.product-type.application";
		};
		53132C3F25C7831700E59A10 /* Prework2Tests */ = {
			isa = PBXNativeTarget;
			buildConfigurationList = 53132C5725C7831700E59A10 /* Build configuration list for PBXNativeTarget "Prework2Tests" */;
			buildPhases = (
				53132C3C25C7831700E59A10 /* Sources */,
				53132C3D25C7831700E59A10 /* Frameworks */,
				53132C3E25C7831700E59A10 /* Resources */,
			);
			buildRules = (
			);
			dependencies = (
				53132C4225C7831700E59A10 /* PBXTargetDependency */,
			);
			name = Prework2Tests;
			productName = Prework2Tests;
			productReference = 53132C4025C7831700E59A10 /* Prework2Tests.xctest */;
			productType = "com.apple.product-type.bundle.unit-test";
		};
		53132C4A25C7831700E59A10 /* Prework2UITests */ = {
			isa = PBXNativeTarget;
			buildConfigurationList = 53132C5A25C7831700E59A10 /* Build configuration list for PBXNativeTarget "Prework2UITests" */;
			buildPhases = (
				53132C4725C7831700E59A10 /* Sources */,
				53132C4825C7831700E59A10 /* Frameworks */,
				53132C4925C7831700E59A10 /* Resources */,
			);
			buildRules = (
			);
			dependencies = (
				53132C4D25C7831700E59A10 /* PBXTargetDependency */,
			);
			name = Prework2UITests;
			productName = Prework2UITests;
			productReference = 53132C4B25C7831700E59A10 /* Prework2UITests.xctest */;
			productType = "com.apple.product-type.bundle.ui-testing";
		};
/* End PBXNativeTarget section */

/* Begin PBXProject section */
		53132C2225C7831500E59A10 /* Project object */ = {
			isa = PBXProject;
			attributes = {
				LastSwiftUpdateCheck = 1240;
				LastUpgradeCheck = 1240;
				TargetAttributes = {
					53132C2925C7831500E59A10 = {
						CreatedOnToolsVersion = 12.4;
					};
					53132C3F25C7831700E59A10 = {
						CreatedOnToolsVersion = 12.4;
						TestTargetID = 53132C2925C7831500E59A10;
					};
					53132C4A25C7831700E59A10 = {
						CreatedOnToolsVersion = 12.4;
						TestTargetID = 53132C2925C7831500E59A10;
					};
				};
			};
			buildConfigurationList = 53132C2525C7831500E59A10 /* Build configuration list for PBXProject "Prework2" */;
			compatibilityVersion = "Xcode 9.3";
			developmentRegion = en;
			hasScannedForEncodings = 0;
			knownRegions = (
				en,
				Base,
			);
			mainGroup = 53132C2125C7831500E59A10;
			productRefGroup = 53132C2B25C7831500E59A10 /* Products */;
			projectDirPath = "";
			projectRoot = "";
			targets = (
				53132C2925C7831500E59A10 /* Prework2 */,
				53132C3F25C7831700E59A10 /* Prework2Tests */,
				53132C4A25C7831700E59A10 /* Prework2UITests */,
			);
		};
/* End PBXProject section */

/* Begin PBXResourcesBuildPhase section */
		53132C2825C7831500E59A10 /* Resources */ = {
			isa = PBXResourcesBuildPhase;
			buildActionMask = 2147483647;
			files = (
				53132C3A25C7831700E59A10 /* LaunchScreen.storyboard in Resources */,
				53132C3725C7831700E59A10 /* Assets.xcassets in Resources */,
				53132C3525C7831500E59A10 /* Main.storyboard in Resources */,
			);
			runOnlyForDeploymentPostprocessing = 0;
		};
		53132C3E25C7831700E59A10 /* Resources */ = {
			isa = PBXResourcesBuildPhase;
			buildActionMask = 2147483647;
			files = (
			);
			runOnlyForDeploymentPostprocessing = 0;
		};
		53132C4925C7831700E59A10 /* Resources */ = {
			isa = PBXResourcesBuildPhase;
			buildActionMask = 2147483647;
			files = (
			);
			runOnlyForDeploymentPostprocessing = 0;
		};
/* End PBXResourcesBuildPhase section */

/* Begin PBXSourcesBuildPhase section */
		53132C2625C7831500E59A10 /* Sources */ = {
			isa = PBXSourcesBuildPhase;
			buildActionMask = 2147483647;
			files = (
				53132C3225C7831500E59A10 /* ViewController.swift in Sources */,
				53132C2E25C7831500E59A10 /* AppDelegate.swift in Sources */,
				53132C3025C7831500E59A10 /* SceneDelegate.swift in Sources */,
			);
			runOnlyForDeploymentPostprocessing = 0;
		};
		53132C3C25C7831700E59A10 /* Sources */ = {
			isa = PBXSourcesBuildPhase;
			buildActionMask = 2147483647;
			files = (
				53132C4525C7831700E59A10 /* Prework2Tests.swift in Sources */,
			);
			runOnlyForDeploymentPostprocessing = 0;
		};
		53132C4725C7831700E59A10 /* Sources */ = {
			isa = PBXSourcesBuildPhase;
			buildActionMask = 2147483647;
			files = (
				53132C5025C7831700E59A10 /* Prework2UITests.swift in Sources */,
			);
			runOnlyForDeploymentPostprocessing = 0;
		};
/* End PBXSourcesBuildPhase section */

/* Begin PBXTargetDependency section */
		53132C4225C7831700E59A10 /* PBXTargetDependency */ = {
			isa = PBXTargetDependency;
			target = 53132C2925C7831500E59A10 /* Prework2 */;
			targetProxy = 53132C4125C7831700E59A10 /* PBXContainerItemProxy */;
		};
		53132C4D25C7831700E59A10 /* PBXTargetDependency */ = {
			isa = PBXTargetDependency;
			target = 53132C2925C7831500E59A10 /* Prework2 */;
			targetProxy = 53132C4C25C7831700E59A10 /* PBXContainerItemProxy */;
		};
/* End PBXTargetDependency section */

/* Begin PBXVariantGroup section */
		53132C3325C7831500E59A10 /* Main.storyboard */ = {
			isa = PBXVariantGroup;
			children = (
				53132C3425C7831500E59A10 /* Base */,
			);
			name = Main.storyboard;
			sourceTree = "<group>";
		};
		53132C3825C7831700E59A10 /* LaunchScreen.storyboard */ = {
			isa = PBXVariantGroup;
			children = (
				53132C3925C7831700E59A10 /* Base */,
			);
			name = LaunchScreen.storyboard;
			sourceTree = "<group>";
		};
/* End PBXVariantGroup section */

/* Begin XCBuildConfiguration section */
		53132C5225C7831700E59A10 /* Debug */ = {
			isa = XCBuildConfiguration;
			buildSettings = {
				ALWAYS_SEARCH_USER_PATHS = NO;
				CLANG_ANALYZER_NONNULL = YES;
				CLANG_ANALYZER_NUMBER_OBJECT_CONVERSION = YES_AGGRESSIVE;
				CLANG_CXX_LANGUAGE_STANDARD = "gnu++14";
				CLANG_CXX_LIBRARY = "libc++";
				CLANG_ENABLE_MODULES = YES;
				CLANG_ENABLE_OBJC_ARC = YES;
				CLANG_ENABLE_OBJC_WEAK = YES;
				CLANG_WARN_BLOCK_CAPTURE_AUTORELEASING = YES;
				CLANG_WARN_BOOL_CONVERSION = YES;
				CLANG_WARN_COMMA = YES;
				CLANG_WARN_CONSTANT_CONVERSION = YES;
				CLANG_WARN_DEPRECATED_OBJC_IMPLEMENTATIONS = YES;
				CLANG_WARN_DIRECT_OBJC_ISA_USAGE = YES_ERROR;
				CLANG_WARN_DOCUMENTATION_COMMENTS = YES;
				CLANG_WARN_EMPTY_BODY = YES;
				CLANG_WARN_ENUM_CONVERSION = YES;
				CLANG_WARN_INFINITE_RECURSION = YES;
				CLANG_WARN_INT_CONVERSION = YES;
				CLANG_WARN_NON_LITERAL_NULL_CONVERSION = YES;
				CLANG_WARN_OBJC_IMPLICIT_RETAIN_SELF = YES;
				CLANG_WARN_OBJC_LITERAL_CONVERSION = YES;
				CLANG_WARN_OBJC_ROOT_CLASS = YES_ERROR;
				CLANG_WARN_QUOTED_INCLUDE_IN_FRAMEWORK_HEADER = YES;
				CLANG_WARN_RANGE_LOOP_ANALYSIS = YES;
				CLANG_WARN_STRICT_PROTOTYPES = YES;
				CLANG_WARN_SUSPICIOUS_MOVE = YES;
				CLANG_WARN_UNGUARDED_AVAILABILITY = YES_AGGRESSIVE;
				CLANG_WARN_UNREACHABLE_CODE = YES;
				CLANG_WARN__DUPLICATE_METHOD_MATCH = YES;
				COPY_PHASE_STRIP = NO;
				DEBUG_INFORMATION_FORMAT = dwarf;
				ENABLE_STRICT_OBJC_MSGSEND = YES;
				ENABLE_TESTABILITY = YES;
				GCC_C_LANGUAGE_STANDARD = gnu11;
				GCC_DYNAMIC_NO_PIC = NO;
				GCC_NO_COMMON_BLOCKS = YES;
				GCC_OPTIMIZATION_LEVEL = 0;
				GCC_PREPROCESSOR_DEFINITIONS = (
					"DEBUG=1",
					"$(inherited)",
				);
				GCC_WARN_64_TO_32_BIT_CONVERSION = YES;
				GCC_WARN_ABOUT_RETURN_TYPE = YES_ERROR;
				GCC_WARN_UNDECLARED_SELECTOR = YES;
				GCC_WARN_UNINITIALIZED_AUTOS = YES_AGGRESSIVE;
				GCC_WARN_UNUSED_FUNCTION = YES;
				GCC_WARN_UNUSED_VARIABLE = YES;
				IPHONEOS_DEPLOYMENT_TARGET = 14.4;
				MTL_ENABLE_DEBUG_INFO = INCLUDE_SOURCE;
				MTL_FAST_MATH = YES;
				ONLY_ACTIVE_ARCH = YES;
				SDKROOT = iphoneos;
				SWIFT_ACTIVE_COMPILATION_CONDITIONS = DEBUG;
				SWIFT_OPTIMIZATION_LEVEL = "-Onone";
			};
			name = Debug;
		};
		53132C5325C7831700E59A10 /* Release */ = {
			isa = XCBuildConfiguration;
			buildSettings = {
				ALWAYS_SEARCH_USER_PATHS = NO;
				CLANG_ANALYZER_NONNULL = YES;
				CLANG_ANALYZER_NUMBER_OBJECT_CONVERSION = YES_AGGRESSIVE;
				CLANG_CXX_LANGUAGE_STANDARD = "gnu++14";
				CLANG_CXX_LIBRARY = "libc++";
				CLANG_ENABLE_MODULES = YES;
				CLANG_ENABLE_OBJC_ARC = YES;
				CLANG_ENABLE_OBJC_WEAK = YES;
				CLANG_WARN_BLOCK_CAPTURE_AUTORELEASING = YES;
				CLANG_WARN_BOOL_CONVERSION = YES;
				CLANG_WARN_COMMA = YES;
				CLANG_WARN_CONSTANT_CONVERSION = YES;
				CLANG_WARN_DEPRECATED_OBJC_IMPLEMENTATIONS = YES;
				CLANG_WARN_DIRECT_OBJC_ISA_USAGE = YES_ERROR;
				CLANG_WARN_DOCUMENTATION_COMMENTS = YES;
				CLANG_WARN_EMPTY_BODY = YES;
				CLANG_WARN_ENUM_CONVERSION = YES;
				CLANG_WARN_INFINITE_RECURSION = YES;
				CLANG_WARN_INT_CONVERSION = YES;
				CLANG_WARN_NON_LITERAL_NULL_CONVERSION = YES;
				CLANG_WARN_OBJC_IMPLICIT_RETAIN_SELF = YES;
				CLANG_WARN_OBJC_LITERAL_CONVERSION = YES;
				CLANG_WARN_OBJC_ROOT_CLASS = YES_ERROR;
				CLANG_WARN_QUOTED_INCLUDE_IN_FRAMEWORK_HEADER = YES;
				CLANG_WARN_RANGE_LOOP_ANALYSIS = YES;
				CLANG_WARN_STRICT_PROTOTYPES = YES;
				CLANG_WARN_SUSPICIOUS_MOVE = YES;
				CLANG_WARN_UNGUARDED_AVAILABILITY = YES_AGGRESSIVE;
				CLANG_WARN_UNREACHABLE_CODE = YES;
				CLANG_WARN__DUPLICATE_METHOD_MATCH = YES;
				COPY_PHASE_STRIP = NO;
				DEBUG_INFORMATION_FORMAT = "dwarf-with-dsym";
				ENABLE_NS_ASSERTIONS = NO;
				ENABLE_STRICT_OBJC_MSGSEND = YES;
				GCC_C_LANGUAGE_STANDARD = gnu11;
				GCC_NO_COMMON_BLOCKS = YES;
				GCC_WARN_64_TO_32_BIT_CONVERSION = YES;
				GCC_WARN_ABOUT_RETURN_TYPE = YES_ERROR;
				GCC_WARN_UNDECLARED_SELECTOR = YES;
				GCC_WARN_UNINITIALIZED_AUTOS = YES_AGGRESSIVE;
				GCC_WARN_UNUSED_FUNCTION = YES;
				GCC_WARN_UNUSED_VARIABLE = YES;
				IPHONEOS_DEPLOYMENT_TARGET = 14.4;
				MTL_ENABLE_DEBUG_INFO = NO;
				MTL_FAST_MATH = YES;
				SDKROOT = iphoneos;
				SWIFT_COMPILATION_MODE = wholemodule;
				SWIFT_OPTIMIZATION_LEVEL = "-O";
				VALIDATE_PRODUCT = YES;
			};
			name = Release;
		};
		53132C5525C7831700E59A10 /* Debug */ = {
			isa = XCBuildConfiguration;
			buildSettings = {
				ASSETCATALOG_COMPILER_APPICON_NAME = AppIcon;
				ASSETCATALOG_COMPILER_GLOBAL_ACCENT_COLOR_NAME = AccentColor;
				CODE_SIGN_STYLE = Automatic;
				INFOPLIST_FILE = Prework2/Info.plist;
				LD_RUNPATH_SEARCH_PATHS = (
					"$(inherited)",
					"@executable_path/Frameworks",
				);
				PRODUCT_BUNDLE_IDENTIFIER = memo.com.Prework2;
				PRODUCT_NAME = "$(TARGET_NAME)";
				SWIFT_VERSION = 5.0;
				TARGETED_DEVICE_FAMILY = "1,2";
			};
			name = Debug;
		};
		53132C5625C7831700E59A10 /* Release */ = {
			isa = XCBuildConfiguration;
			buildSettings = {
				ASSETCATALOG_COMPILER_APPICON_NAME = AppIcon;
				ASSETCATALOG_COMPILER_GLOBAL_ACCENT_COLOR_NAME = AccentColor;
				CODE_SIGN_STYLE = Automatic;
				INFOPLIST_FILE = Prework2/Info.plist;
				LD_RUNPATH_SEARCH_PATHS = (
					"$(inherited)",
					"@executable_path/Frameworks",
				);
				PRODUCT_BUNDLE_IDENTIFIER = memo.com.Prework2;
				PRODUCT_NAME = "$(TARGET_NAME)";
				SWIFT_VERSION = 5.0;
				TARGETED_DEVICE_FAMILY = "1,2";
			};
			name = Release;
		};
		53132C5825C7831700E59A10 /* Debug */ = {
			isa = XCBuildConfiguration;
			buildSettings = {
				ALWAYS_EMBED_SWIFT_STANDARD_LIBRARIES = YES;
				BUNDLE_LOADER = "$(TEST_HOST)";
				CODE_SIGN_STYLE = Automatic;
				INFOPLIST_FILE = Prework2Tests/Info.plist;
				IPHONEOS_DEPLOYMENT_TARGET = 14.4;
				LD_RUNPATH_SEARCH_PATHS = (
					"$(inherited)",
					"@executable_path/Frameworks",
					"@loader_path/Frameworks",
				);
				PRODUCT_BUNDLE_IDENTIFIER = memo.com.Prework2Tests;
				PRODUCT_NAME = "$(TARGET_NAME)";
				SWIFT_VERSION = 5.0;
				TARGETED_DEVICE_FAMILY = "1,2";
				TEST_HOST = "$(BUILT_PRODUCTS_DIR)/Prework2.app/Prework2";
			};
			name = Debug;
		};
		53132C5925C7831700E59A10 /* Release */ = {
			isa = XCBuildConfiguration;
			buildSettings = {
				ALWAYS_EMBED_SWIFT_STANDARD_LIBRARIES = YES;
				BUNDLE_LOADER = "$(TEST_HOST)";
				CODE_SIGN_STYLE = Automatic;
				INFOPLIST_FILE = Prework2Tests/Info.plist;
				IPHONEOS_DEPLOYMENT_TARGET = 14.4;
				LD_RUNPATH_SEARCH_PATHS = (
					"$(inherited)",
					"@executable_path/Frameworks",
					"@loader_path/Frameworks",
				);
				PRODUCT_BUNDLE_IDENTIFIER = memo.com.Prework2Tests;
				PRODUCT_NAME = "$(TARGET_NAME)";
				SWIFT_VERSION = 5.0;
				TARGETED_DEVICE_FAMILY = "1,2";
				TEST_HOST = "$(BUILT_PRODUCTS_DIR)/Prework2.app/Prework2";
			};
			name = Release;
		};
		53132C5B25C7831700E59A10 /* Debug */ = {
			isa = XCBuildConfiguration;
			buildSettings = {
				ALWAYS_EMBED_SWIFT_STANDARD_LIBRARIES = YES;
				CODE_SIGN_STYLE = Automatic;
				INFOPLIST_FILE = Prework2UITests/Info.plist;
				LD_RUNPATH_SEARCH_PATHS = (
					"$(inherited)",
					"@executable_path/Frameworks",
					"@loader_path/Frameworks",
				);
				PRODUCT_BUNDLE_IDENTIFIER = memo.com.Prework2UITests;
				PRODUCT_NAME = "$(TARGET_NAME)";
				SWIFT_VERSION = 5.0;
				TARGETED_DEVICE_FAMILY = "1,2";
				TEST_TARGET_NAME = Prework2;
			};
			name = Debug;
		};
		53132C5C25C7831700E59A10 /* Release */ = {
			isa = XCBuildConfiguration;
			buildSettings = {
				ALWAYS_EMBED_SWIFT_STANDARD_LIBRARIES = YES;
				CODE_SIGN_STYLE = Automatic;
				INFOPLIST_FILE = Prework2UITests/Info.plist;
				LD_RUNPATH_SEARCH_PATHS = (
					"$(inherited)",
					"@executable_path/Frameworks",
					"@loader_path/Frameworks",
				);
				PRODUCT_BUNDLE_IDENTIFIER = memo.com.Prework2UITests;
				PRODUCT_NAME = "$(TARGET_NAME)";
				SWIFT_VERSION = 5.0;
				TARGETED_DEVICE_FAMILY = "1,2";
				TEST_TARGET_NAME = Prework2;
			};
			name = Release;
		};
/* End XCBuildConfiguration section */

/* Begin XCConfigurationList section */
		53132C2525C7831500E59A10 /* Build configuration list for PBXProject "Prework2" */ = {
			isa = XCConfigurationList;
			buildConfigurations = (
				53132C5225C7831700E59A10 /* Debug */,
				53132C5325C7831700E59A10 /* Release */,
			);
			defaultConfigurationIsVisible = 0;
			defaultConfigurationName = Release;
		};
		53132C5425C7831700E59A10 /* Build configuration list for PBXNativeTarget "Prework2" */ = {
			isa = XCConfigurationList;
			buildConfigurations = (
				53132C5525C7831700E59A10 /* Debug */,
				53132C5625C7831700E59A10 /* Release */,
			);
			defaultConfigurationIsVisible = 0;
			defaultConfigurationName = Release;
		};
		53132C5725C7831700E59A10 /* Build configuration list for PBXNativeTarget "Prework2Tests" */ = {
			isa = XCConfigurationList;
			buildConfigurations = (
				53132C5825C7831700E59A10 /* Debug */,
				53132C5925C7831700E59A10 /* Release */,
			);
			defaultConfigurationIsVisible = 0;
			defaultConfigurationName = Release;
		};
		53132C5A25C7831700E59A10 /* Build configuration list for PBXNativeTarget "Prework2UITests" */ = {
			isa = XCConfigurationList;
			buildConfigurations = (
				53132C5B25C7831700E59A10 /* Debug */,
				53132C5C25C7831700E59A10 /* Release */,
			);
			defaultConfigurationIsVisible = 0;
			defaultConfigurationName = Release;
		};
/* End XCConfigurationList section */
	};
	rootObject = 53132C2225C7831500E59A10 /* Project object */;
}
